// !$*UTF8*$!
{
	archiveVersion = 1;
	classes = {
	};
	objectVersion = 77;
	objects = {

/* Begin PBXBuildFile section */
		262C687B2DFD49F50025A57F /* RemoteProductManager.swift in Sources */ = {isa = PBXBuildFile; fileRef = 262C687A2DFD49F50025A57F /* RemoteProductManager.swift */; };
		262C687E2DFD7BE20025A57F /* AppDependencies.swift in Sources */ = {isa = PBXBuildFile; fileRef = 262C687D2DFD7BE20025A57F /* AppDependencies.swift */; };
		262C68D52DFD90E40025A57F /* Kingfisher in Frameworks */ = {isa = PBXBuildFile; productRef = 262C68D42DFD90E40025A57F /* Kingfisher */; };
		262C68D72DFD93A90025A57F /* RemoteImage.swift in Sources */ = {isa = PBXBuildFile; fileRef = 262C68D62DFD93A90025A57F /* RemoteImage.swift */; };
		262C68F12DFDC0C50025A57F /* PriceSummaryView.swift in Sources */ = {isa = PBXBuildFile; fileRef = 262C68F02DFDC0C30025A57F /* PriceSummaryView.swift */; };
		262C68F52DFDC7710025A57F /* Extension+EnvironmentValues.swift in Sources */ = {isa = PBXBuildFile; fileRef = 262C68F42DFDC7710025A57F /* Extension+EnvironmentValues.swift */; };
		262E4E112DFEA0680001E1C0 /* Extension+Double.swift in Sources */ = {isa = PBXBuildFile; fileRef = 262E4E102DFEA05B0001E1C0 /* Extension+Double.swift */; };
		262E4E132DFEC01C0001E1C0 /* NetworkMonitor.swift in Sources */ = {isa = PBXBuildFile; fileRef = 262E4E122DFEC01C0001E1C0 /* NetworkMonitor.swift */; };
		262E4E152DFEC0FD0001E1C0 /* Extension+URLResponse.swift in Sources */ = {isa = PBXBuildFile; fileRef = 262E4E142DFEC0EA0001E1C0 /* Extension+URLResponse.swift */; };
		262E4E192DFED6B70001E1C0 /* ToastView.swift in Sources */ = {isa = PBXBuildFile; fileRef = 262E4E182DFED6B70001E1C0 /* ToastView.swift */; };
		262E4E1B2DFEE96F0001E1C0 /* Extension+Product.swift in Sources */ = {isa = PBXBuildFile; fileRef = 262E4E1A2DFEE96F0001E1C0 /* Extension+Product.swift */; };
		262E4E1D2DFEFB050001E1C0 /* Extension+ProductManager.swift in Sources */ = {isa = PBXBuildFile; fileRef = 262E4E1C2DFEFB050001E1C0 /* Extension+ProductManager.swift */; };
		262E4E212DFEFC1C0001E1C0 /* ProductViewModel.swift in Sources */ = {isa = PBXBuildFile; fileRef = 262E4E202DFEFC1C0001E1C0 /* ProductViewModel.swift */; };
		2632DA732E55CC9A0081D3D8 /* Extension+UINavigationBar.swift in Sources */ = {isa = PBXBuildFile; fileRef = 2632DA722E55CC9A0081D3D8 /* Extension+UINavigationBar.swift */; };
		264D21192DF9D63200F0A179 /* PricesAndDiscountsView.swift in Sources */ = {isa = PBXBuildFile; fileRef = 264D21182DF9D63200F0A179 /* PricesAndDiscountsView.swift */; };
		264D211C2DF9DC2600F0A179 /* CustomImage.swift in Sources */ = {isa = PBXBuildFile; fileRef = 264D211B2DF9DC2600F0A179 /* CustomImage.swift */; };
		264D211E2DF9E58B00F0A179 /* LoadingCircleView.swift in Sources */ = {isa = PBXBuildFile; fileRef = 264D211D2DF9E58B00F0A179 /* LoadingCircleView.swift */; };
		26566EE42E51838100959D5E /* ProductModel.xcdatamodeld in Sources */ = {isa = PBXBuildFile; fileRef = 26566EE22E51838100959D5E /* ProductModel.xcdatamodeld */; };
		26566EEC2E51F53800959D5E /* LocalProductManager.swift in Sources */ = {isa = PBXBuildFile; fileRef = 26566EEB2E51F53800959D5E /* LocalProductManager.swift */; };
		266E23A22DF9D18500D79B04 /* RoutingView.swift in Sources */ = {isa = PBXBuildFile; fileRef = 266E23A02DF9D18500D79B04 /* RoutingView.swift */; };
		266E23A32DF9D18500D79B04 /* ValorIOSApp.swift in Sources */ = {isa = PBXBuildFile; fileRef = 266E23A12DF9D18500D79B04 /* ValorIOSApp.swift */; };
		266E23A52DF9D18500D79B04 /* Assets.xcassets in Resources */ = {isa = PBXBuildFile; fileRef = 266E239F2DF9D18500D79B04 /* Assets.xcassets */; };
		26B31BE82E57758200C1AE4A /* ImageService.swift in Sources */ = {isa = PBXBuildFile; fileRef = 26B31BE72E57758200C1AE4A /* ImageService.swift */; };
		26B31BEA2E577CB300C1AE4A /* Currency.swift in Sources */ = {isa = PBXBuildFile; fileRef = 26B31BE92E577CB300C1AE4A /* Currency.swift */; };
		26C1FA642E5DB9AF00E9995A /* DashesLine.swift in Sources */ = {isa = PBXBuildFile; fileRef = 26C1FA632E5DB9AF00E9995A /* DashesLine.swift */; };
		26C1FA682E5EF6F600E9995A /* StatefulPreviewWrapper.swift in Sources */ = {isa = PBXBuildFile; fileRef = 26C1FA672E5EF6F600E9995A /* StatefulPreviewWrapper.swift */; };
		26C1FA6A2E5F545500E9995A /* Extension+String.swift in Sources */ = {isa = PBXBuildFile; fileRef = 26C1FA692E5F545500E9995A /* Extension+String.swift */; };
		26C1FA6C2E5F565100E9995A /* Localizable.xcstrings in Resources */ = {isa = PBXBuildFile; fileRef = 26C1FA6B2E5F565100E9995A /* Localizable.xcstrings */; };
		26C1FA712E5F6D0400E9995A /* LocalizeProductCard.swift in Sources */ = {isa = PBXBuildFile; fileRef = 26C1FA702E5F6D0400E9995A /* LocalizeProductCard.swift */; };
		26C1FA732E5F6DF900E9995A /* Extension+Text.swift in Sources */ = {isa = PBXBuildFile; fileRef = 26C1FA722E5F6DF900E9995A /* Extension+Text.swift */; };
		26C1FC032E6004EA00E9995A /* LocalizeRouting.swift in Sources */ = {isa = PBXBuildFile; fileRef = 26C1FC022E6004EA00E9995A /* LocalizeRouting.swift */; };
		26C1FC052E6006C000E9995A /* LocalizePrices.swift in Sources */ = {isa = PBXBuildFile; fileRef = 26C1FC042E6006C000E9995A /* LocalizePrices.swift */; };
		26C1FC072E6006DE00E9995A /* LocalizeProducts.swift in Sources */ = {isa = PBXBuildFile; fileRef = 26C1FC062E6006DE00E9995A /* LocalizeProducts.swift */; };
		26C1FC0B2E60C37200E9995A /* URLProducts.swift in Sources */ = {isa = PBXBuildFile; fileRef = 26C1FC0A2E60C37200E9995A /* URLProducts.swift */; };
		26DBD6E02DFAB52F004ED717 /* ABeeZee-Regular.ttf in Resources */ = {isa = PBXBuildFile; fileRef = 26DBD6DF2DFAB52F004ED717 /* ABeeZee-Regular.ttf */; };
		26DBD6E42DFAB602004ED717 /* Extension+Font.swift in Sources */ = {isa = PBXBuildFile; fileRef = 26DBD6E32DFAB602004ED717 /* Extension+Font.swift */; };
		26DBD6E62DFABAA9004ED717 /* Extension+Color.swift in Sources */ = {isa = PBXBuildFile; fileRef = 26DBD6E52DFABAA9004ED717 /* Extension+Color.swift */; };
		26DBD6E82DFABDB3004ED717 /* SF-Pro-Display-Regular.otf in Resources */ = {isa = PBXBuildFile; fileRef = 26DBD6E72DFABDB3004ED717 /* SF-Pro-Display-Regular.otf */; };
		26DBD6F12DFACE5D004ED717 /* ProductsResponse.swift in Sources */ = {isa = PBXBuildFile; fileRef = 26DBD6F02DFACE5D004ED717 /* ProductsResponse.swift */; };
		26DBD6F52DFAE881004ED717 /* ProductsView.swift in Sources */ = {isa = PBXBuildFile; fileRef = 26DBD6F42DFAE881004ED717 /* ProductsView.swift */; };
		26DBD6F72DFAEE65004ED717 /* MocData.swift in Sources */ = {isa = PBXBuildFile; fileRef = 26DBD6F62DFAEE65004ED717 /* MocData.swift */; };
		26DBD6FA2DFAF2E4004ED717 /* ProductCardView.swift in Sources */ = {isa = PBXBuildFile; fileRef = 26DBD6F92DFAF2E4004ED717 /* ProductCardView.swift */; };
		26DBD6FE2DFB3A67004ED717 /* Router.swift in Sources */ = {isa = PBXBuildFile; fileRef = 26DBD6FD2DFB3A67004ED717 /* Router.swift */; };
		26EE67B12E58155400BDA0F1 /* Extension+UISegmentedControl.swift in Sources */ = {isa = PBXBuildFile; fileRef = 26EE67B02E58155400BDA0F1 /* Extension+UISegmentedControl.swift */; };
		26EE67B32E58171B00BDA0F1 /* NavigationRoutes.swift in Sources */ = {isa = PBXBuildFile; fileRef = 26EE67B22E58171B00BDA0F1 /* NavigationRoutes.swift */; };
		26EE67B52E581DD300BDA0F1 /* PasteboardManager.swift in Sources */ = {isa = PBXBuildFile; fileRef = 26EE67B42E581DD300BDA0F1 /* PasteboardManager.swift */; };
		26EE67B72E5849A200BDA0F1 /* StickyHeader.swift in Sources */ = {isa = PBXBuildFile; fileRef = 26EE67B62E5849A200BDA0F1 /* StickyHeader.swift */; };
		26EE67B92E58526400BDA0F1 /* СonfirmationDialogView.swift in Sources */ = {isa = PBXBuildFile; fileRef = 26EE67B82E58526400BDA0F1 /* СonfirmationDialogView.swift */; };
		26EE67BC2E58684000BDA0F1 /* PricesAndDiscountsViewModel.swift in Sources */ = {isa = PBXBuildFile; fileRef = 26EE67BB2E58683F00BDA0F1 /* PricesAndDiscountsViewModel.swift */; };
		26EE67BE2E58923900BDA0F1 /* PrimaryButton.swift in Sources */ = {isa = PBXBuildFile; fileRef = 26EE67BD2E58923900BDA0F1 /* PrimaryButton.swift */; };
		26EF71F42E534C2700D2A6D1 /* ProductRepository.swift in Sources */ = {isa = PBXBuildFile; fileRef = 26EF71F32E534C2700D2A6D1 /* ProductRepository.swift */; };
/* End PBXBuildFile section */

/* Begin PBXFileReference section */
		262C687A2DFD49F50025A57F /* RemoteProductManager.swift */ = {isa = PBXFileReference; lastKnownFileType = sourcecode.swift; path = RemoteProductManager.swift; sourceTree = "<group>"; };
		262C687D2DFD7BE20025A57F /* AppDependencies.swift */ = {isa = PBXFileReference; lastKnownFileType = sourcecode.swift; path = AppDependencies.swift; sourceTree = "<group>"; };
		262C68D62DFD93A90025A57F /* RemoteImage.swift */ = {isa = PBXFileReference; lastKnownFileType = sourcecode.swift; path = RemoteImage.swift; sourceTree = "<group>"; };
		262C68F02DFDC0C30025A57F /* PriceSummaryView.swift */ = {isa = PBXFileReference; lastKnownFileType = sourcecode.swift; path = PriceSummaryView.swift; sourceTree = "<group>"; };
		262C68F42DFDC7710025A57F /* Extension+EnvironmentValues.swift */ = {isa = PBXFileReference; lastKnownFileType = sourcecode.swift; path = "Extension+EnvironmentValues.swift"; sourceTree = "<group>"; };
		262E4E102DFEA05B0001E1C0 /* Extension+Double.swift */ = {isa = PBXFileReference; lastKnownFileType = sourcecode.swift; path = "Extension+Double.swift"; sourceTree = "<group>"; };
		262E4E122DFEC01C0001E1C0 /* NetworkMonitor.swift */ = {isa = PBXFileReference; lastKnownFileType = sourcecode.swift; path = NetworkMonitor.swift; sourceTree = "<group>"; };
		262E4E142DFEC0EA0001E1C0 /* Extension+URLResponse.swift */ = {isa = PBXFileReference; lastKnownFileType = sourcecode.swift; path = "Extension+URLResponse.swift"; sourceTree = "<group>"; };
		262E4E182DFED6B70001E1C0 /* ToastView.swift */ = {isa = PBXFileReference; lastKnownFileType = sourcecode.swift; path = ToastView.swift; sourceTree = "<group>"; };
		262E4E1A2DFEE96F0001E1C0 /* Extension+Product.swift */ = {isa = PBXFileReference; lastKnownFileType = sourcecode.swift; path = "Extension+Product.swift"; sourceTree = "<group>"; };
		262E4E1C2DFEFB050001E1C0 /* Extension+ProductManager.swift */ = {isa = PBXFileReference; lastKnownFileType = sourcecode.swift; path = "Extension+ProductManager.swift"; sourceTree = "<group>"; };
		262E4E202DFEFC1C0001E1C0 /* ProductViewModel.swift */ = {isa = PBXFileReference; lastKnownFileType = sourcecode.swift; path = ProductViewModel.swift; sourceTree = "<group>"; };
		2632DA722E55CC9A0081D3D8 /* Extension+UINavigationBar.swift */ = {isa = PBXFileReference; lastKnownFileType = sourcecode.swift; path = "Extension+UINavigationBar.swift"; sourceTree = "<group>"; };
		264D21182DF9D63200F0A179 /* PricesAndDiscountsView.swift */ = {isa = PBXFileReference; lastKnownFileType = sourcecode.swift; path = PricesAndDiscountsView.swift; sourceTree = "<group>"; };
		264D211B2DF9DC2600F0A179 /* CustomImage.swift */ = {isa = PBXFileReference; lastKnownFileType = sourcecode.swift; path = CustomImage.swift; sourceTree = "<group>"; };
		264D211D2DF9E58B00F0A179 /* LoadingCircleView.swift */ = {isa = PBXFileReference; lastKnownFileType = sourcecode.swift; path = LoadingCircleView.swift; sourceTree = "<group>"; };
		26566EE32E51838100959D5E /* ProductModel.xcdatamodel */ = {isa = PBXFileReference; lastKnownFileType = wrapper.xcdatamodel; path = ProductModel.xcdatamodel; sourceTree = "<group>"; };
		26566EEB2E51F53800959D5E /* LocalProductManager.swift */ = {isa = PBXFileReference; lastKnownFileType = sourcecode.swift; path = LocalProductManager.swift; sourceTree = "<group>"; };
		266E23832DF9D12B00D79B04 /* Valor.app */ = {isa = PBXFileReference; explicitFileType = wrapper.application; includeInIndex = 0; path = Valor.app; sourceTree = BUILT_PRODUCTS_DIR; };
		266E239F2DF9D18500D79B04 /* Assets.xcassets */ = {isa = PBXFileReference; lastKnownFileType = folder.assetcatalog; path = Assets.xcassets; sourceTree = "<group>"; };
		266E23A02DF9D18500D79B04 /* RoutingView.swift */ = {isa = PBXFileReference; lastKnownFileType = sourcecode.swift; path = RoutingView.swift; sourceTree = "<group>"; };
		266E23A12DF9D18500D79B04 /* ValorIOSApp.swift */ = {isa = PBXFileReference; lastKnownFileType = sourcecode.swift; path = ValorIOSApp.swift; sourceTree = "<group>"; };
		26B31BE72E57758200C1AE4A /* ImageService.swift */ = {isa = PBXFileReference; lastKnownFileType = sourcecode.swift; path = ImageService.swift; sourceTree = "<group>"; };
		26B31BE92E577CB300C1AE4A /* Currency.swift */ = {isa = PBXFileReference; lastKnownFileType = sourcecode.swift; path = Currency.swift; sourceTree = "<group>"; };
		26C1FA632E5DB9AF00E9995A /* DashesLine.swift */ = {isa = PBXFileReference; lastKnownFileType = sourcecode.swift; path = DashesLine.swift; sourceTree = "<group>"; };
		26C1FA672E5EF6F600E9995A /* StatefulPreviewWrapper.swift */ = {isa = PBXFileReference; lastKnownFileType = sourcecode.swift; path = StatefulPreviewWrapper.swift; sourceTree = "<group>"; };
		26C1FA692E5F545500E9995A /* Extension+String.swift */ = {isa = PBXFileReference; lastKnownFileType = sourcecode.swift; path = "Extension+String.swift"; sourceTree = "<group>"; };
		26C1FA6B2E5F565100E9995A /* Localizable.xcstrings */ = {isa = PBXFileReference; lastKnownFileType = text.json.xcstrings; path = Localizable.xcstrings; sourceTree = "<group>"; };
		26C1FA702E5F6D0400E9995A /* LocalizeProductCard.swift */ = {isa = PBXFileReference; lastKnownFileType = sourcecode.swift; path = LocalizeProductCard.swift; sourceTree = "<group>"; };
		26C1FA722E5F6DF900E9995A /* Extension+Text.swift */ = {isa = PBXFileReference; lastKnownFileType = sourcecode.swift; path = "Extension+Text.swift"; sourceTree = "<group>"; };
		26C1FC022E6004EA00E9995A /* LocalizeRouting.swift */ = {isa = PBXFileReference; lastKnownFileType = sourcecode.swift; path = LocalizeRouting.swift; sourceTree = "<group>"; };
		26C1FC042E6006C000E9995A /* LocalizePrices.swift */ = {isa = PBXFileReference; lastKnownFileType = sourcecode.swift; path = LocalizePrices.swift; sourceTree = "<group>"; };
		26C1FC062E6006DE00E9995A /* LocalizeProducts.swift */ = {isa = PBXFileReference; lastKnownFileType = sourcecode.swift; path = LocalizeProducts.swift; sourceTree = "<group>"; };
		26C1FC0A2E60C37200E9995A /* URLProducts.swift */ = {isa = PBXFileReference; lastKnownFileType = sourcecode.swift; path = URLProducts.swift; sourceTree = "<group>"; };
		26DBD6DF2DFAB52F004ED717 /* ABeeZee-Regular.ttf */ = {isa = PBXFileReference; lastKnownFileType = file; path = "ABeeZee-Regular.ttf"; sourceTree = "<group>"; };
		26DBD6E22DFAB576004ED717 /* Info.plist */ = {isa = PBXFileReference; lastKnownFileType = text.plist; path = Info.plist; sourceTree = "<group>"; };
		26DBD6E32DFAB602004ED717 /* Extension+Font.swift */ = {isa = PBXFileReference; lastKnownFileType = sourcecode.swift; path = "Extension+Font.swift"; sourceTree = "<group>"; };
		26DBD6E52DFABAA9004ED717 /* Extension+Color.swift */ = {isa = PBXFileReference; lastKnownFileType = sourcecode.swift; path = "Extension+Color.swift"; sourceTree = "<group>"; };
		26DBD6E72DFABDB3004ED717 /* SF-Pro-Display-Regular.otf */ = {isa = PBXFileReference; lastKnownFileType = file; path = "SF-Pro-Display-Regular.otf"; sourceTree = "<group>"; };
		26DBD6F02DFACE5D004ED717 /* ProductsResponse.swift */ = {isa = PBXFileReference; lastKnownFileType = sourcecode.swift; path = ProductsResponse.swift; sourceTree = "<group>"; };
		26DBD6F42DFAE881004ED717 /* ProductsView.swift */ = {isa = PBXFileReference; lastKnownFileType = sourcecode.swift; path = ProductsView.swift; sourceTree = "<group>"; };
		26DBD6F62DFAEE65004ED717 /* MocData.swift */ = {isa = PBXFileReference; lastKnownFileType = sourcecode.swift; path = MocData.swift; sourceTree = "<group>"; };
		26DBD6F92DFAF2E4004ED717 /* ProductCardView.swift */ = {isa = PBXFileReference; lastKnownFileType = sourcecode.swift; path = ProductCardView.swift; sourceTree = "<group>"; };
		26DBD6FD2DFB3A67004ED717 /* Router.swift */ = {isa = PBXFileReference; lastKnownFileType = sourcecode.swift; path = Router.swift; sourceTree = "<group>"; };
		26EE67B02E58155400BDA0F1 /* Extension+UISegmentedControl.swift */ = {isa = PBXFileReference; lastKnownFileType = sourcecode.swift; path = "Extension+UISegmentedControl.swift"; sourceTree = "<group>"; };
		26EE67B22E58171B00BDA0F1 /* NavigationRoutes.swift */ = {isa = PBXFileReference; lastKnownFileType = sourcecode.swift; path = NavigationRoutes.swift; sourceTree = "<group>"; };
		26EE67B42E581DD300BDA0F1 /* PasteboardManager.swift */ = {isa = PBXFileReference; lastKnownFileType = sourcecode.swift; path = PasteboardManager.swift; sourceTree = "<group>"; };
		26EE67B62E5849A200BDA0F1 /* StickyHeader.swift */ = {isa = PBXFileReference; lastKnownFileType = sourcecode.swift; path = StickyHeader.swift; sourceTree = "<group>"; };
		26EE67B82E58526400BDA0F1 /* СonfirmationDialogView.swift */ = {isa = PBXFileReference; lastKnownFileType = sourcecode.swift; path = "СonfirmationDialogView.swift"; sourceTree = "<group>"; };
		26EE67BB2E58683F00BDA0F1 /* PricesAndDiscountsViewModel.swift */ = {isa = PBXFileReference; lastKnownFileType = sourcecode.swift; path = PricesAndDiscountsViewModel.swift; sourceTree = "<group>"; };
		26EE67BD2E58923900BDA0F1 /* PrimaryButton.swift */ = {isa = PBXFileReference; lastKnownFileType = sourcecode.swift; path = PrimaryButton.swift; sourceTree = "<group>"; };
		26EF71F32E534C2700D2A6D1 /* ProductRepository.swift */ = {isa = PBXFileReference; lastKnownFileType = sourcecode.swift; path = ProductRepository.swift; sourceTree = "<group>"; };
/* End PBXFileReference section */

/* Begin PBXFileSystemSynchronizedRootGroup section */
		266E23A82DF9D21400D79B04 /* Preview Content */ = {
			isa = PBXFileSystemSynchronizedRootGroup;
			path = "Preview Content";
			sourceTree = "<group>";
		};
/* End PBXFileSystemSynchronizedRootGroup section */

/* Begin PBXFrameworksBuildPhase section */
		266E23802DF9D12B00D79B04 /* Frameworks */ = {
			isa = PBXFrameworksBuildPhase;
			buildActionMask = 2147483647;
			files = (
				262C68D52DFD90E40025A57F /* Kingfisher in Frameworks */,
			);
			runOnlyForDeploymentPostprocessing = 0;
		};
/* End PBXFrameworksBuildPhase section */

/* Begin PBXGroup section */
		262C68792DFD49D10025A57F /* Managers */ = {
			isa = PBXGroup;
			children = (
				26EF71F32E534C2700D2A6D1 /* ProductRepository.swift */,
				262C687A2DFD49F50025A57F /* RemoteProductManager.swift */,
				26566EEB2E51F53800959D5E /* LocalProductManager.swift */,
				262E4E122DFEC01C0001E1C0 /* NetworkMonitor.swift */,
				26EE67B42E581DD300BDA0F1 /* PasteboardManager.swift */,
			);
			path = Managers;
			sourceTree = "<group>";
		};
		262C687C2DFD7BC30025A57F /* DI */ = {
			isa = PBXGroup;
			children = (
				262C687D2DFD7BE20025A57F /* AppDependencies.swift */,
			);
			path = DI;
			sourceTree = "<group>";
		};
		262C68D02DFD90A80025A57F /* ImageLoader */ = {
			isa = PBXGroup;
			children = (
				26B31BE72E57758200C1AE4A /* ImageService.swift */,
				262C68D62DFD93A90025A57F /* RemoteImage.swift */,
			);
			path = ImageLoader;
			sourceTree = "<group>";
		};
		262E4E1E2DFEFBEA0001E1C0 /* RoutingView */ = {
			isa = PBXGroup;
			children = (
				266E23A02DF9D18500D79B04 /* RoutingView.swift */,
			);
			path = RoutingView;
			sourceTree = "<group>";
		};
		262E4E1F2DFEFBFD0001E1C0 /* ProductsView */ = {
			isa = PBXGroup;
			children = (
				2632DA742E55D01E0081D3D8 /* View */,
				2632DA752E55D0270081D3D8 /* ViewModel */,
			);
			path = ProductsView;
			sourceTree = "<group>";
		};
		262E4E222DFEFCAD0001E1C0 /* PricesAndDiscountsView */ = {
			isa = PBXGroup;
			children = (
				26EE67BA2E58682200BDA0F1 /* ViewModel */,
				2632DA762E55D03A0081D3D8 /* View */,
			);
			path = PricesAndDiscountsView;
			sourceTree = "<group>";
		};
		2632DA742E55D01E0081D3D8 /* View */ = {
			isa = PBXGroup;
			children = (
				26DBD6F42DFAE881004ED717 /* ProductsView.swift */,
			);
			path = View;
			sourceTree = "<group>";
		};
		2632DA752E55D0270081D3D8 /* ViewModel */ = {
			isa = PBXGroup;
			children = (
				262E4E202DFEFC1C0001E1C0 /* ProductViewModel.swift */,
			);
			path = ViewModel;
			sourceTree = "<group>";
		};
		2632DA762E55D03A0081D3D8 /* View */ = {
			isa = PBXGroup;
			children = (
				264D21182DF9D63200F0A179 /* PricesAndDiscountsView.swift */,
			);
			path = View;
			sourceTree = "<group>";
		};
		264D211A2DF9DBFB00F0A179 /* Extension */ = {
			isa = PBXGroup;
			children = (
				26DBD6E52DFABAA9004ED717 /* Extension+Color.swift */,
				262E4E102DFEA05B0001E1C0 /* Extension+Double.swift */,
				262C68F42DFDC7710025A57F /* Extension+EnvironmentValues.swift */,
				26DBD6E32DFAB602004ED717 /* Extension+Font.swift */,
				262E4E1A2DFEE96F0001E1C0 /* Extension+Product.swift */,
				262E4E1C2DFEFB050001E1C0 /* Extension+ProductManager.swift */,
				26C1FA692E5F545500E9995A /* Extension+String.swift */,
				26C1FA722E5F6DF900E9995A /* Extension+Text.swift */,
				2632DA722E55CC9A0081D3D8 /* Extension+UINavigationBar.swift */,
				26EE67B02E58155400BDA0F1 /* Extension+UISegmentedControl.swift */,
				262E4E142DFEC0EA0001E1C0 /* Extension+URLResponse.swift */,
			);
			path = Extension;
			sourceTree = "<group>";
		};
		26566EE12E5182A800959D5E /* PersistentData */ = {
			isa = PBXGroup;
			children = (
				26566EE22E51838100959D5E /* ProductModel.xcdatamodeld */,
			);
			path = PersistentData;
			sourceTree = "<group>";
		};
		266E237A2DF9D12B00D79B04 = {
			isa = PBXGroup;
			children = (
				266E23A62DF9D1F500D79B04 /* Valor */,
				266E23842DF9D12B00D79B04 /* Products */,
			);
			sourceTree = "<group>";
		};
		266E23842DF9D12B00D79B04 /* Products */ = {
			isa = PBXGroup;
			children = (
				266E23832DF9D12B00D79B04 /* Valor.app */,
			);
			name = Products;
			sourceTree = "<group>";
		};
		266E23A62DF9D1F500D79B04 /* Valor */ = {
			isa = PBXGroup;
			children = (
				26C1FA6F2E5F6CE700E9995A /* Localizable */,
				26DBD6E22DFAB576004ED717 /* Info.plist */,
				266E23AA2DF9D22C00D79B04 /* App */,
				26DBD6FC2DFB3A51004ED717 /* Router */,
				262C687C2DFD7BC30025A57F /* DI */,
				262C68D02DFD90A80025A57F /* ImageLoader */,
				262C68792DFD49D10025A57F /* Managers */,
				266E23AB2DF9D24100D79B04 /* Views */,
				26DBD6EA2DFACBA1004ED717 /* Components */,
				26DBD6ED2DFACE13004ED717 /* Model */,
				26B31BE42E576EC600C1AE4A /* Constants */,
				264D211A2DF9DBFB00F0A179 /* Extension */,
				26566EE12E5182A800959D5E /* PersistentData */,
				26DBD6E12DFAB53B004ED717 /* CustomFonts */,
				26DBD6F82DFAEE6A004ED717 /* MOC */,
				266E239F2DF9D18500D79B04 /* Assets.xcassets */,
				266E23A82DF9D21400D79B04 /* Preview Content */,
			);
			path = Valor;
			sourceTree = "<group>";
		};
		266E23AA2DF9D22C00D79B04 /* App */ = {
			isa = PBXGroup;
			children = (
				266E23A12DF9D18500D79B04 /* ValorIOSApp.swift */,
			);
			path = App;
			sourceTree = "<group>";
		};
		266E23AB2DF9D24100D79B04 /* Views */ = {
			isa = PBXGroup;
			children = (
				262E4E222DFEFCAD0001E1C0 /* PricesAndDiscountsView */,
				262E4E1F2DFEFBFD0001E1C0 /* ProductsView */,
				262E4E1E2DFEFBEA0001E1C0 /* RoutingView */,
			);
			path = Views;
			sourceTree = "<group>";
		};
		26B31BE42E576EC600C1AE4A /* Constants */ = {
			isa = PBXGroup;
			children = (
				264D211B2DF9DC2600F0A179 /* CustomImage.swift */,
			);
			path = Constants;
			sourceTree = "<group>";
		};
		26C1FA6F2E5F6CE700E9995A /* Localizable */ = {
			isa = PBXGroup;
			children = (
				26C1FA6B2E5F565100E9995A /* Localizable.xcstrings */,
				26C1FC042E6006C000E9995A /* LocalizePrices.swift */,
				26C1FA702E5F6D0400E9995A /* LocalizeProductCard.swift */,
				26C1FC062E6006DE00E9995A /* LocalizeProducts.swift */,
				26C1FC022E6004EA00E9995A /* LocalizeRouting.swift */,
			);
			path = Localizable;
			sourceTree = "<group>";
		};
		26DBD6E12DFAB53B004ED717 /* CustomFonts */ = {
			isa = PBXGroup;
			children = (
				26DBD6E72DFABDB3004ED717 /* SF-Pro-Display-Regular.otf */,
				26DBD6DF2DFAB52F004ED717 /* ABeeZee-Regular.ttf */,
			);
			path = CustomFonts;
			sourceTree = "<group>";
		};
		26DBD6EA2DFACBA1004ED717 /* Components */ = {
			isa = PBXGroup;
			children = (
				262C68F02DFDC0C30025A57F /* PriceSummaryView.swift */,
				264D211D2DF9E58B00F0A179 /* LoadingCircleView.swift */,
				26DBD6F92DFAF2E4004ED717 /* ProductCardView.swift */,
				262E4E182DFED6B70001E1C0 /* ToastView.swift */,
				26EE67B62E5849A200BDA0F1 /* StickyHeader.swift */,
				26EE67B82E58526400BDA0F1 /* СonfirmationDialogView.swift */,
				26EE67BD2E58923900BDA0F1 /* PrimaryButton.swift */,
				26C1FA632E5DB9AF00E9995A /* DashesLine.swift */,
			);
			path = Components;
			sourceTree = "<group>";
		};
		26DBD6ED2DFACE13004ED717 /* Model */ = {
			isa = PBXGroup;
			children = (
				26DBD6F02DFACE5D004ED717 /* ProductsResponse.swift */,
				26B31BE92E577CB300C1AE4A /* Currency.swift */,
				26C1FC0A2E60C37200E9995A /* URLProducts.swift */,
			);
			path = Model;
			sourceTree = "<group>";
		};
		26DBD6F82DFAEE6A004ED717 /* MOC */ = {
			isa = PBXGroup;
			children = (
				26DBD6F62DFAEE65004ED717 /* MocData.swift */,
				26C1FA672E5EF6F600E9995A /* StatefulPreviewWrapper.swift */,
			);
			path = MOC;
			sourceTree = "<group>";
		};
		26DBD6FC2DFB3A51004ED717 /* Router */ = {
			isa = PBXGroup;
			children = (
				26DBD6FD2DFB3A67004ED717 /* Router.swift */,
				26EE67B22E58171B00BDA0F1 /* NavigationRoutes.swift */,
			);
			path = Router;
			sourceTree = "<group>";
		};
		26EE67BA2E58682200BDA0F1 /* ViewModel */ = {
			isa = PBXGroup;
			children = (
				26EE67BB2E58683F00BDA0F1 /* PricesAndDiscountsViewModel.swift */,
			);
			path = ViewModel;
			sourceTree = "<group>";
		};
/* End PBXGroup section */

/* Begin PBXNativeTarget section */
		266E23822DF9D12B00D79B04 /* Valor */ = {
			isa = PBXNativeTarget;
			buildConfigurationList = 266E23912DF9D12C00D79B04 /* Build configuration list for PBXNativeTarget "Valor" */;
			buildPhases = (
				266E237F2DF9D12B00D79B04 /* Sources */,
				266E23802DF9D12B00D79B04 /* Frameworks */,
				266E23812DF9D12B00D79B04 /* Resources */,
			);
			buildRules = (
			);
			dependencies = (
			);
			fileSystemSynchronizedGroups = (
				266E23A82DF9D21400D79B04 /* Preview Content */,
			);
			name = Valor;
			packageProductDependencies = (
				262C68D42DFD90E40025A57F /* Kingfisher */,
			);
			productName = WBPartnersIOS;
			productReference = 266E23832DF9D12B00D79B04 /* Valor.app */;
			productType = "com.apple.product-type.application";
		};
/* End PBXNativeTarget section */

/* Begin PBXProject section */
		266E237B2DF9D12B00D79B04 /* Project object */ = {
			isa = PBXProject;
			attributes = {
				BuildIndependentTargetsInParallel = 1;
				LastSwiftUpdateCheck = 1620;
				LastUpgradeCheck = 1620;
				TargetAttributes = {
					266E23822DF9D12B00D79B04 = {
						CreatedOnToolsVersion = 16.2;
					};
				};
			};
			buildConfigurationList = 266E237E2DF9D12B00D79B04 /* Build configuration list for PBXProject "Valor" */;
			developmentRegion = en;
			hasScannedForEncodings = 0;
			knownRegions = (
				en,
				Base,
			);
			mainGroup = 266E237A2DF9D12B00D79B04;
			minimizedProjectReferenceProxies = 1;
			packageReferences = (
				262C68D32DFD90E40025A57F /* XCRemoteSwiftPackageReference "Kingfisher" */,
			);
			preferredProjectObjectVersion = 77;
			productRefGroup = 266E23842DF9D12B00D79B04 /* Products */;
			projectDirPath = "";
			projectRoot = "";
			targets = (
				266E23822DF9D12B00D79B04 /* Valor */,
			);
		};
/* End PBXProject section */

/* Begin PBXResourcesBuildPhase section */
		266E23812DF9D12B00D79B04 /* Resources */ = {
			isa = PBXResourcesBuildPhase;
			buildActionMask = 2147483647;
			files = (
				26C1FA6C2E5F565100E9995A /* Localizable.xcstrings in Resources */,
				26DBD6E02DFAB52F004ED717 /* ABeeZee-Regular.ttf in Resources */,
				26DBD6E82DFABDB3004ED717 /* SF-Pro-Display-Regular.otf in Resources */,
				266E23A52DF9D18500D79B04 /* Assets.xcassets in Resources */,
			);
			runOnlyForDeploymentPostprocessing = 0;
		};
/* End PBXResourcesBuildPhase section */

/* Begin PBXSourcesBuildPhase section */
		266E237F2DF9D12B00D79B04 /* Sources */ = {
			isa = PBXSourcesBuildPhase;
			buildActionMask = 2147483647;
			files = (
				26C1FA6A2E5F545500E9995A /* Extension+String.swift in Sources */,
				26EE67B52E581DD300BDA0F1 /* PasteboardManager.swift in Sources */,
				262E4E1D2DFEFB050001E1C0 /* Extension+ProductManager.swift in Sources */,
				262E4E152DFEC0FD0001E1C0 /* Extension+URLResponse.swift in Sources */,
				262E4E112DFEA0680001E1C0 /* Extension+Double.swift in Sources */,
				26EE67B32E58171B00BDA0F1 /* NavigationRoutes.swift in Sources */,
				264D211E2DF9E58B00F0A179 /* LoadingCircleView.swift in Sources */,
				26DBD6E42DFAB602004ED717 /* Extension+Font.swift in Sources */,
				26C1FA642E5DB9AF00E9995A /* DashesLine.swift in Sources */,
				262C68F12DFDC0C50025A57F /* PriceSummaryView.swift in Sources */,
				266E23A22DF9D18500D79B04 /* RoutingView.swift in Sources */,
				262E4E192DFED6B70001E1C0 /* ToastView.swift in Sources */,
				262C68D72DFD93A90025A57F /* RemoteImage.swift in Sources */,
				264D21192DF9D63200F0A179 /* PricesAndDiscountsView.swift in Sources */,
				26EE67B12E58155400BDA0F1 /* Extension+UISegmentedControl.swift in Sources */,
				26C1FC072E6006DE00E9995A /* LocalizeProducts.swift in Sources */,
				26DBD6FE2DFB3A67004ED717 /* Router.swift in Sources */,
				26C1FC052E6006C000E9995A /* LocalizePrices.swift in Sources */,
				264D211C2DF9DC2600F0A179 /* CustomImage.swift in Sources */,
				26C1FC032E6004EA00E9995A /* LocalizeRouting.swift in Sources */,
				26EE67B92E58526400BDA0F1 /* СonfirmationDialogView.swift in Sources */,
				266E23A32DF9D18500D79B04 /* ValorIOSApp.swift in Sources */,
				26B31BEA2E577CB300C1AE4A /* Currency.swift in Sources */,
				26C1FA732E5F6DF900E9995A /* Extension+Text.swift in Sources */,
				262C68F52DFDC7710025A57F /* Extension+EnvironmentValues.swift in Sources */,
				262E4E212DFEFC1C0001E1C0 /* ProductViewModel.swift in Sources */,
				26DBD6E62DFABAA9004ED717 /* Extension+Color.swift in Sources */,
				26DBD6F12DFACE5D004ED717 /* ProductsResponse.swift in Sources */,
				26EE67B72E5849A200BDA0F1 /* StickyHeader.swift in Sources */,
				262C687E2DFD7BE20025A57F /* AppDependencies.swift in Sources */,
				2632DA732E55CC9A0081D3D8 /* Extension+UINavigationBar.swift in Sources */,
				26DBD6F52DFAE881004ED717 /* ProductsView.swift in Sources */,
				262E4E132DFEC01C0001E1C0 /* NetworkMonitor.swift in Sources */,
				26C1FA682E5EF6F600E9995A /* StatefulPreviewWrapper.swift in Sources */,
				26566EE42E51838100959D5E /* ProductModel.xcdatamodeld in Sources */,
				26566EEC2E51F53800959D5E /* LocalProductManager.swift in Sources */,
				26C1FA712E5F6D0400E9995A /* LocalizeProductCard.swift in Sources */,
				26B31BE82E57758200C1AE4A /* ImageService.swift in Sources */,
				26EF71F42E534C2700D2A6D1 /* ProductRepository.swift in Sources */,
				26DBD6FA2DFAF2E4004ED717 /* ProductCardView.swift in Sources */,
				262C687B2DFD49F50025A57F /* RemoteProductManager.swift in Sources */,
				26C1FC0B2E60C37200E9995A /* URLProducts.swift in Sources */,
				262E4E1B2DFEE96F0001E1C0 /* Extension+Product.swift in Sources */,
				26DBD6F72DFAEE65004ED717 /* MocData.swift in Sources */,
				26EE67BE2E58923900BDA0F1 /* PrimaryButton.swift in Sources */,
				26EE67BC2E58684000BDA0F1 /* PricesAndDiscountsViewModel.swift in Sources */,
			);
			runOnlyForDeploymentPostprocessing = 0;
		};
/* End PBXSourcesBuildPhase section */

/* Begin XCBuildConfiguration section */
		266E238F2DF9D12C00D79B04 /* Debug */ = {
			isa = XCBuildConfiguration;
			buildSettings = {
				ALWAYS_SEARCH_USER_PATHS = NO;
				ASSETCATALOG_COMPILER_GENERATE_SWIFT_ASSET_SYMBOL_EXTENSIONS = YES;
				CLANG_ANALYZER_NONNULL = YES;
				CLANG_ANALYZER_NUMBER_OBJECT_CONVERSION = YES_AGGRESSIVE;
				CLANG_CXX_LANGUAGE_STANDARD = "gnu++20";
				CLANG_ENABLE_MODULES = YES;
				CLANG_ENABLE_OBJC_ARC = YES;
				CLANG_ENABLE_OBJC_WEAK = YES;
				CLANG_WARN_BLOCK_CAPTURE_AUTORELEASING = YES;
				CLANG_WARN_BOOL_CONVERSION = YES;
				CLANG_WARN_COMMA = YES;
				CLANG_WARN_CONSTANT_CONVERSION = YES;
				CLANG_WARN_DEPRECATED_OBJC_IMPLEMENTATIONS = YES;
				CLANG_WARN_DIRECT_OBJC_ISA_USAGE = YES_ERROR;
				CLANG_WARN_DOCUMENTATION_COMMENTS = YES;
				CLANG_WARN_EMPTY_BODY = YES;
				CLANG_WARN_ENUM_CONVERSION = YES;
				CLANG_WARN_INFINITE_RECURSION = YES;
				CLANG_WARN_INT_CONVERSION = YES;
				CLANG_WARN_NON_LITERAL_NULL_CONVERSION = YES;
				CLANG_WARN_OBJC_IMPLICIT_RETAIN_SELF = YES;
				CLANG_WARN_OBJC_LITERAL_CONVERSION = YES;
				CLANG_WARN_OBJC_ROOT_CLASS = YES_ERROR;
				CLANG_WARN_QUOTED_INCLUDE_IN_FRAMEWORK_HEADER = YES;
				CLANG_WARN_RANGE_LOOP_ANALYSIS = YES;
				CLANG_WARN_STRICT_PROTOTYPES = YES;
				CLANG_WARN_SUSPICIOUS_MOVE = YES;
				CLANG_WARN_UNGUARDED_AVAILABILITY = YES_AGGRESSIVE;
				CLANG_WARN_UNREACHABLE_CODE = YES;
				CLANG_WARN__DUPLICATE_METHOD_MATCH = YES;
				COPY_PHASE_STRIP = NO;
				DEBUG_INFORMATION_FORMAT = dwarf;
				ENABLE_STRICT_OBJC_MSGSEND = YES;
				ENABLE_TESTABILITY = YES;
				ENABLE_USER_SCRIPT_SANDBOXING = YES;
				GCC_C_LANGUAGE_STANDARD = gnu17;
				GCC_DYNAMIC_NO_PIC = NO;
				GCC_NO_COMMON_BLOCKS = YES;
				GCC_OPTIMIZATION_LEVEL = 0;
				GCC_PREPROCESSOR_DEFINITIONS = (
					"DEBUG=1",
					"$(inherited)",
				);
				GCC_WARN_64_TO_32_BIT_CONVERSION = YES;
				GCC_WARN_ABOUT_RETURN_TYPE = YES_ERROR;
				GCC_WARN_UNDECLARED_SELECTOR = YES;
				GCC_WARN_UNINITIALIZED_AUTOS = YES_AGGRESSIVE;
				GCC_WARN_UNUSED_FUNCTION = YES;
				GCC_WARN_UNUSED_VARIABLE = YES;
				IPHONEOS_DEPLOYMENT_TARGET = 18.2;
				LOCALIZATION_PREFERS_STRING_CATALOGS = YES;
				MTL_ENABLE_DEBUG_INFO = INCLUDE_SOURCE;
				MTL_FAST_MATH = YES;
				ONLY_ACTIVE_ARCH = YES;
				SDKROOT = iphoneos;
				SWIFT_ACTIVE_COMPILATION_CONDITIONS = "DEBUG $(inherited)";
				SWIFT_EMIT_LOC_STRINGS = YES;
				SWIFT_OPTIMIZATION_LEVEL = "-Onone";
			};
			name = Debug;
		};
		266E23902DF9D12C00D79B04 /* Release */ = {
			isa = XCBuildConfiguration;
			buildSettings = {
				ALWAYS_SEARCH_USER_PATHS = NO;
				ASSETCATALOG_COMPILER_GENERATE_SWIFT_ASSET_SYMBOL_EXTENSIONS = YES;
				CLANG_ANALYZER_NONNULL = YES;
				CLANG_ANALYZER_NUMBER_OBJECT_CONVERSION = YES_AGGRESSIVE;
				CLANG_CXX_LANGUAGE_STANDARD = "gnu++20";
				CLANG_ENABLE_MODULES = YES;
				CLANG_ENABLE_OBJC_ARC = YES;
				CLANG_ENABLE_OBJC_WEAK = YES;
				CLANG_WARN_BLOCK_CAPTURE_AUTORELEASING = YES;
				CLANG_WARN_BOOL_CONVERSION = YES;
				CLANG_WARN_COMMA = YES;
				CLANG_WARN_CONSTANT_CONVERSION = YES;
				CLANG_WARN_DEPRECATED_OBJC_IMPLEMENTATIONS = YES;
				CLANG_WARN_DIRECT_OBJC_ISA_USAGE = YES_ERROR;
				CLANG_WARN_DOCUMENTATION_COMMENTS = YES;
				CLANG_WARN_EMPTY_BODY = YES;
				CLANG_WARN_ENUM_CONVERSION = YES;
				CLANG_WARN_INFINITE_RECURSION = YES;
				CLANG_WARN_INT_CONVERSION = YES;
				CLANG_WARN_NON_LITERAL_NULL_CONVERSION = YES;
				CLANG_WARN_OBJC_IMPLICIT_RETAIN_SELF = YES;
				CLANG_WARN_OBJC_LITERAL_CONVERSION = YES;
				CLANG_WARN_OBJC_ROOT_CLASS = YES_ERROR;
				CLANG_WARN_QUOTED_INCLUDE_IN_FRAMEWORK_HEADER = YES;
				CLANG_WARN_RANGE_LOOP_ANALYSIS = YES;
				CLANG_WARN_STRICT_PROTOTYPES = YES;
				CLANG_WARN_SUSPICIOUS_MOVE = YES;
				CLANG_WARN_UNGUARDED_AVAILABILITY = YES_AGGRESSIVE;
				CLANG_WARN_UNREACHABLE_CODE = YES;
				CLANG_WARN__DUPLICATE_METHOD_MATCH = YES;
				COPY_PHASE_STRIP = NO;
				DEBUG_INFORMATION_FORMAT = "dwarf-with-dsym";
				ENABLE_NS_ASSERTIONS = NO;
				ENABLE_STRICT_OBJC_MSGSEND = YES;
				ENABLE_USER_SCRIPT_SANDBOXING = YES;
				GCC_C_LANGUAGE_STANDARD = gnu17;
				GCC_NO_COMMON_BLOCKS = YES;
				GCC_WARN_64_TO_32_BIT_CONVERSION = YES;
				GCC_WARN_ABOUT_RETURN_TYPE = YES_ERROR;
				GCC_WARN_UNDECLARED_SELECTOR = YES;
				GCC_WARN_UNINITIALIZED_AUTOS = YES_AGGRESSIVE;
				GCC_WARN_UNUSED_FUNCTION = YES;
				GCC_WARN_UNUSED_VARIABLE = YES;
				IPHONEOS_DEPLOYMENT_TARGET = 18.2;
				LOCALIZATION_PREFERS_STRING_CATALOGS = YES;
				MTL_ENABLE_DEBUG_INFO = NO;
				MTL_FAST_MATH = YES;
				SDKROOT = iphoneos;
				SWIFT_COMPILATION_MODE = wholemodule;
				SWIFT_EMIT_LOC_STRINGS = YES;
				VALIDATE_PRODUCT = YES;
			};
			name = Release;
		};
		266E23922DF9D12C00D79B04 /* Debug */ = {
			isa = XCBuildConfiguration;
			buildSettings = {
				ASSETCATALOG_COMPILER_APPICON_NAME = AppIcon;
				ASSETCATALOG_COMPILER_GLOBAL_ACCENT_COLOR_NAME = AccentColor;
				CODE_SIGN_STYLE = Automatic;
				CURRENT_PROJECT_VERSION = 1;
				DEVELOPMENT_ASSET_PATHS = "\"Valor/Preview Content\"";
				DEVELOPMENT_TEAM = RX923HA2LD;
				ENABLE_PREVIEWS = YES;
				GENERATE_INFOPLIST_FILE = YES;
				INFOPLIST_FILE = Valor/Info.plist;
				INFOPLIST_KEY_UIApplicationSceneManifest_Generation = YES;
				INFOPLIST_KEY_UIApplicationSupportsIndirectInputEvents = YES;
				INFOPLIST_KEY_UILaunchScreen_Generation = YES;
				INFOPLIST_KEY_UISupportedInterfaceOrientations = UIInterfaceOrientationPortrait;
				IPHONEOS_DEPLOYMENT_TARGET = 15.6;
				LD_RUNPATH_SEARCH_PATHS = (
					"$(inherited)",
					"@executable_path/Frameworks",
				);
				MARKETING_VERSION = 1.0;
				PRODUCT_BUNDLE_IDENTIFIER = ru.eliseev.dmitry.WBPartnersIOS;
				PRODUCT_NAME = "$(TARGET_NAME)";
				SUPPORTED_PLATFORMS = "iphoneos iphonesimulator";
				SUPPORTS_MACCATALYST = NO;
				SUPPORTS_MAC_DESIGNED_FOR_IPHONE_IPAD = NO;
				SUPPORTS_XR_DESIGNED_FOR_IPHONE_IPAD = NO;
				SWIFT_EMIT_LOC_STRINGS = YES;
				SWIFT_VERSION = 5.0;
				TARGETED_DEVICE_FAMILY = 1;
			};
			name = Debug;
		};
		266E23932DF9D12C00D79B04 /* Release */ = {
			isa = XCBuildConfiguration;
			buildSettings = {
				ASSETCATALOG_COMPILER_APPICON_NAME = AppIcon;
				ASSETCATALOG_COMPILER_GLOBAL_ACCENT_COLOR_NAME = AccentColor;
				CODE_SIGN_STYLE = Automatic;
				CURRENT_PROJECT_VERSION = 1;
				DEVELOPMENT_ASSET_PATHS = "\"Valor/Preview Content\"";
				DEVELOPMENT_TEAM = RX923HA2LD;
				ENABLE_PREVIEWS = YES;
				GENERATE_INFOPLIST_FILE = YES;
				INFOPLIST_FILE = Valor/Info.plist;
				INFOPLIST_KEY_UIApplicationSceneManifest_Generation = YES;
				INFOPLIST_KEY_UIApplicationSupportsIndirectInputEvents = YES;
				INFOPLIST_KEY_UILaunchScreen_Generation = YES;
				INFOPLIST_KEY_UISupportedInterfaceOrientations = UIInterfaceOrientationPortrait;
				IPHONEOS_DEPLOYMENT_TARGET = 15.6;
				LD_RUNPATH_SEARCH_PATHS = (
					"$(inherited)",
					"@executable_path/Frameworks",
				);
				MARKETING_VERSION = 1.0;
				PRODUCT_BUNDLE_IDENTIFIER = ru.eliseev.dmitry.WBPartnersIOS;
				PRODUCT_NAME = "$(TARGET_NAME)";
				SUPPORTED_PLATFORMS = "iphoneos iphonesimulator";
				SUPPORTS_MACCATALYST = NO;
				SUPPORTS_MAC_DESIGNED_FOR_IPHONE_IPAD = NO;
				SUPPORTS_XR_DESIGNED_FOR_IPHONE_IPAD = NO;
				SWIFT_EMIT_LOC_STRINGS = YES;
				SWIFT_VERSION = 5.0;
				TARGETED_DEVICE_FAMILY = 1;
			};
			name = Release;
		};
/* End XCBuildConfiguration section */

/* Begin XCConfigurationList section */
		266E237E2DF9D12B00D79B04 /* Build configuration list for PBXProject "Valor" */ = {
			isa = XCConfigurationList;
			buildConfigurations = (
				266E238F2DF9D12C00D79B04 /* Debug */,
				266E23902DF9D12C00D79B04 /* Release */,
			);
			defaultConfigurationIsVisible = 0;
			defaultConfigurationName = Release;
		};
		266E23912DF9D12C00D79B04 /* Build configuration list for PBXNativeTarget "Valor" */ = {
			isa = XCConfigurationList;
			buildConfigurations = (
				266E23922DF9D12C00D79B04 /* Debug */,
				266E23932DF9D12C00D79B04 /* Release */,
			);
			defaultConfigurationIsVisible = 0;
			defaultConfigurationName = Release;
		};
/* End XCConfigurationList section */

/* Begin XCRemoteSwiftPackageReference section */
		262C68D32DFD90E40025A57F /* XCRemoteSwiftPackageReference "Kingfisher" */ = {
			isa = XCRemoteSwiftPackageReference;
			repositoryURL = "https://github.com/onevcat/Kingfisher.git";
			requirement = {
				kind = upToNextMajorVersion;
				minimumVersion = 8.3.2;
			};
		};
/* End XCRemoteSwiftPackageReference section */

/* Begin XCSwiftPackageProductDependency section */
		262C68D42DFD90E40025A57F /* Kingfisher */ = {
			isa = XCSwiftPackageProductDependency;
			package = 262C68D32DFD90E40025A57F /* XCRemoteSwiftPackageReference "Kingfisher" */;
			productName = Kingfisher;
		};
/* End XCSwiftPackageProductDependency section */

/* Begin XCVersionGroup section */
		26566EE22E51838100959D5E /* ProductModel.xcdatamodeld */ = {
			isa = XCVersionGroup;
			children = (
				26566EE32E51838100959D5E /* ProductModel.xcdatamodel */,
			);
			currentVersion = 26566EE32E51838100959D5E /* ProductModel.xcdatamodel */;
			path = ProductModel.xcdatamodeld;
			sourceTree = "<group>";
			versionGroupType = wrapper.xcdatamodel;
		};
/* End XCVersionGroup section */
	};
	rootObject = 266E237B2DF9D12B00D79B04 /* Project object */;
}
